
Microsoft Visual Studio Solution File, Format Version 12.00
# Visual Studio Version 17
VisualStudioVersion = 17.8.34511.84
MinimumVisualStudioVersion = 10.0.40219.1
Project("{FAE04EC0-301F-11D3-BF4B-00C04F79EFBC}") = "WelcomeToUzbekistan", "WelcomeToUzbekistan\WelcomeToUzbekistan.csproj", "{1F301D92-0352-4B88-A011-4434C918139C}"
EndProject
Global
	GlobalSection(SolutionConfigurationPlatforms) = preSolution
		Debug|Any CPU = Debug|Any CPU
		Release|Any CPU = Release|Any CPU
	EndGlobalSection
	GlobalSection(ProjectConfigurationPlatforms) = postSolution
		{1F301D92-0352-4B88-A011-4434C918139C}.Debug|Any CPU.ActiveCfg = Debug|Any CPU
		{1F301D92-0352-4B88-A011-4434C918139C}.Debug|Any CPU.Build.0 = Debug|Any CPU
		{1F301D92-0352-4B88-A011-4434C918139C}.Release|Any CPU.ActiveCfg = Release|Any CPU
		{1F301D92-0352-4B88-A011-4434C918139C}.Release|Any CPU.Build.0 = Release|Any CPU
	EndGlobalSection
	GlobalSection(SolutionProperties) = preSolution
		HideSolutionNode = FALSE
	EndGlobalSection
	GlobalSection(ExtensibilityGlobals) = postSolution
		SolutionGuid = {2DF6C3E1-4D49-4565-83CE-B7DD22E4A397}
	EndGlobalSection
EndGlobal
